
Microsoft Visual Studio Solution File, Format Version 12.00
# Visual Studio Version 17
VisualStudioVersion = 17.2.32526.322
MinimumVisualStudioVersion = 10.0.40219.1
Project("{FAE04EC0-301F-11D3-BF4B-00C04F79EFBC}") = "RestaurantManagement", "RestaurantManagement\RestaurantManagement.csproj", "{ACC9B002-0422-429A-ADB3-CF635138EE11}"
EndProject
Global
	GlobalSection(SolutionConfigurationPlatforms) = preSolution
		Debug|Any CPU = Debug|Any CPU
		Release|Any CPU = Release|Any CPU
	EndGlobalSection
	GlobalSection(ProjectConfigurationPlatforms) = postSolution
		{ACC9B002-0422-429A-ADB3-CF635138EE11}.Debug|Any CPU.ActiveCfg = Debug|Any CPU
		{ACC9B002-0422-429A-ADB3-CF635138EE11}.Debug|Any CPU.Build.0 = Debug|Any CPU
		{ACC9B002-0422-429A-ADB3-CF635138EE11}.Release|Any CPU.ActiveCfg = Release|Any CPU
		{ACC9B002-0422-429A-ADB3-CF635138EE11}.Release|Any CPU.Build.0 = Release|Any CPU
	EndGlobalSection
	GlobalSection(SolutionProperties) = preSolution
		HideSolutionNode = FALSE
	EndGlobalSection
	GlobalSection(ExtensibilityGlobals) = postSolution
		SolutionGuid = {E4832C18-C1FE-45C2-8AF6-186F3ECE37E6}
	EndGlobalSection
EndGlobal
